
Microsoft Visual Studio Solution File, Format Version 12.00
# Visual Studio Version 16
VisualStudioVersion = 16.0.31025.194
MinimumVisualStudioVersion = 10.0.40219.1
Project("{FAE04EC0-301F-11D3-BF4B-00C04F79EFBC}") = "MvcMovie", "MvcMovie\MvcMovie.csproj", "{87D1FEF6-5040-4449-B30B-32E5371344CA}"
EndProject
Global
	GlobalSection(SolutionConfigurationPlatforms) = preSolution
		Debug|Any CPU = Debug|Any CPU
		Release|Any CPU = Release|Any CPU
	EndGlobalSection
	GlobalSection(ProjectConfigurationPlatforms) = postSolution
		{87D1FEF6-5040-4449-B30B-32E5371344CA}.Debug|Any CPU.ActiveCfg = Debug|Any CPU
		{87D1FEF6-5040-4449-B30B-32E5371344CA}.Debug|Any CPU.Build.0 = Debug|Any CPU
		{87D1FEF6-5040-4449-B30B-32E5371344CA}.Release|Any CPU.ActiveCfg = Release|Any CPU
		{87D1FEF6-5040-4449-B30B-32E5371344CA}.Release|Any CPU.Build.0 = Release|Any CPU
	EndGlobalSection
	GlobalSection(SolutionProperties) = preSolution
		HideSolutionNode = FALSE
	EndGlobalSection
	GlobalSection(ExtensibilityGlobals) = postSolution
		SolutionGuid = {FB9A7004-0D7F-44DB-8CA3-1300415B69AE}
	EndGlobalSection
EndGlobal
